<Solution>
  <Folder Name="/src/">
    <Project Path="src/Byte&amp;Buy.API/Byte&amp;Buy.API.csproj" Id="290213ca-8493-44c0-8931-60185a08599a" />
    <Project Path="src/Byte&amp;Buy.Core/Byte&amp;Buy.Core.csproj" />
    <Project Path="src/Byte&amp;Buy.Infrastructure/Byte&amp;Buy.Infrastructure.csproj" />
  </Folder>
  <Folder Name="/tests/" />
</Solution>
