<Solution>
  <Folder Name="/src/">
    <Project Path="src/ByteBuy.API/ByteBuy.API.csproj" />
    <Project Path="src/ByteBuy.Core/ByteBuy.Core.csproj" />
    <Project Path="src/ByteBuy.Infrastructure/ByteBuy.Infrastructure.csproj" />
  </Folder>
  <Folder Name="/tests/">
    <Project Path="tests/ByteBuy.ServiceTests/ByteBuy.ServiceTests.csproj" Id="9b692f2f-7508-4967-8e05-b56aa31bd8cc" />
  </Folder>
</Solution>
